// !$*UTF8*$!
{
	archiveVersion = 1;
	classes = {
	};
	objectVersion = 46;
	objects = {

/* Begin PBXBuildFile section */
		E49370351EE3018B00A2D1DF /* AppDelegate.swift in Sources */ = {isa = PBXBuildFile; fileRef = E49370341EE3018B00A2D1DF /* AppDelegate.swift */; };
		E49370371EE3018B00A2D1DF /* ViewController.swift in Sources */ = {isa = PBXBuildFile; fileRef = E49370361EE3018B00A2D1DF /* ViewController.swift */; };
		E493703A1EE3018B00A2D1DF /* Main.storyboard in Resources */ = {isa = PBXBuildFile; fileRef = E49370381EE3018B00A2D1DF /* Main.storyboard */; };
		E493703C1EE3018B00A2D1DF /* Assets.xcassets in Resources */ = {isa = PBXBuildFile; fileRef = E493703B1EE3018B00A2D1DF /* Assets.xcassets */; };
		E493703F1EE3018B00A2D1DF /* LaunchScreen.storyboard in Resources */ = {isa = PBXBuildFile; fileRef = E493703D1EE3018B00A2D1DF /* LaunchScreen.storyboard */; };
/* End PBXBuildFile section */

/* Begin PBXFileReference section */
		E49370311EE3018B00A2D1DF /* LightsOn.app */ = {isa = PBXFileReference; explicitFileType = wrapper.application; includeInIndex = 0; path = LightsOn.app; sourceTree = BUILT_PRODUCTS_DIR; };
		E49370341EE3018B00A2D1DF /* AppDelegate.swift */ = {isa = PBXFileReference; lastKnownFileType = sourcecode.swift; path = AppDelegate.swift; sourceTree = "<group>"; };
		E49370361EE3018B00A2D1DF /* ViewController.swift */ = {isa = PBXFileReference; lastKnownFileType = sourcecode.swift; path = ViewController.swift; sourceTree = "<group>"; };
		E49370391EE3018B00A2D1DF /* Base */ = {isa = PBXFileReference; lastKnownFileType = file.storyboard; name = Base; path = Base.lproj/Main.storyboard; sourceTree = "<group>"; };
		E493703B1EE3018B00A2D1DF /* Assets.xcassets */ = {isa = PBXFileReference; lastKnownFileType = folder.assetcatalog; path = Assets.xcassets; sourceTree = "<group>"; };
		E493703E1EE3018B00A2D1DF /* Base */ = {isa = PBXFileReference; lastKnownFileType = file.storyboard; name = Base; path = Base.lproj/LaunchScreen.storyboard; sourceTree = "<group>"; };
		E49370401EE3018B00A2D1DF /* Info.plist */ = {isa = PBXFileReference; lastKnownFileType = text.plist.xml; path = Info.plist; sourceTree = "<group>"; };
/* End PBXFileReference section */

/* Begin PBXFrameworksBuildPhase section */
		E493702E1EE3018B00A2D1DF /* Frameworks */ = {
			isa = PBXFrameworksBuildPhase;
			buildActionMask = 2147483647;
			files = (
			);
			runOnlyForDeploymentPostprocessing = 0;
		};
/* End PBXFrameworksBuildPhase section */

/* Begin PBXGroup section */
		E49370281EE3018B00A2D1DF = {
			isa = PBXGroup;
			children = (
				E49370331EE3018B00A2D1DF /* LightsOn */,
				E49370321EE3018B00A2D1DF /* Products */,
			);
			sourceTree = "<group>";
		};
		E49370321EE3018B00A2D1DF /* Products */ = {
			isa = PBXGroup;
			children = (
				E49370311EE3018B00A2D1DF /* LightsOn.app */,
			);
			name = Products;
			sourceTree = "<group>";
		};
		E49370331EE3018B00A2D1DF /* LightsOn */ = {
			isa = PBXGroup;
			children = (
				E49370341EE3018B00A2D1DF /* AppDelegate.swift */,
				E49370361EE3018B00A2D1DF /* ViewController.swift */,
				E49370381EE3018B00A2D1DF /* Main.storyboard */,
				E493703B1EE3018B00A2D1DF /* Assets.xcassets */,
				E493703D1EE3018B00A2D1DF /* LaunchScreen.storyboard */,
				E49370401EE3018B00A2D1DF /* Info.plist */,
			);
			path = LightsOn;
			sourceTree = "<group>";
		};
/* End PBXGroup section */

/* Begin PBXNativeTarget section */
		E49370301EE3018B00A2D1DF /* LightsOn */ = {
			isa = PBXNativeTarget;
			buildConfigurationList = E49370431EE3018B00A2D1DF /* Build configuration list for PBXNativeTarget "LightsOn" */;
			buildPhases = (
				E493702D1EE3018B00A2D1DF /* Sources */,
				E493702E1EE3018B00A2D1DF /* Frameworks */,
				E493702F1EE3018B00A2D1DF /* Resources */,
			);
			buildRules = (
			);
			dependencies = (
			);
			name = LightsOn;
			productName = LightsOn;
			productReference = E49370311EE3018B00A2D1DF /* LightsOn.app */;
			productType = "com.apple.product-type.application";
		};
/* End PBXNativeTarget section */

/* Begin PBXProject section */
		E49370291EE3018B00A2D1DF /* Project object */ = {
			isa = PBXProject;
			attributes = {
				LastSwiftUpdateCheck = 0820;
				LastUpgradeCheck = 0820;
				ORGANIZATIONNAME = vit;
				TargetAttributes = {
					E49370301EE3018B00A2D1DF = {
						CreatedOnToolsVersion = 8.2.1;
						ProvisioningStyle = Automatic;
					};
				};
			};
			buildConfigurationList = E493702C1EE3018B00A2D1DF /* Build configuration list for PBXProject "LightsOn" */;
			compatibilityVersion = "Xcode 3.2";
			developmentRegion = English;
			hasScannedForEncodings = 0;
			knownRegions = (
				en,
				Base,
			);
			mainGroup = E49370281EE3018B00A2D1DF;
			productRefGroup = E49370321EE3018B00A2D1DF /* Products */;
			projectDirPath = "";
			projectRoot = "";
			targets = (
				E49370301EE3018B00A2D1DF /* LightsOn */,
			);
		};
/* End PBXProject section */

/* Begin PBXResourcesBuildPhase section */
		E493702F1EE3018B00A2D1DF /* Resources */ = {
			isa = PBXResourcesBuildPhase;
			buildActionMask = 2147483647;
			files = (
				E493703F1EE3018B00A2D1DF /* LaunchScreen.storyboard in Resources */,
				E493703C1EE3018B00A2D1DF /* Assets.xcassets in Resources */,
				E493703A1EE3018B00A2D1DF /* Main.storyboard in Resources */,
			);
			runOnlyForDeploymentPostprocessing = 0;
		};
/* End PBXResourcesBuildPhase section */

/* Begin PBXSourcesBuildPhase section */
		E493702D1EE3018B00A2D1DF /* Sources */ = {
			isa = PBXSourcesBuildPhase;
			buildActionMask = 2147483647;
			files = (
				E49370371EE3018B00A2D1DF /* ViewController.swift in Sources */,
				E49370351EE3018B00A2D1DF /* AppDelegate.swift in Sources */,
			);
			runOnlyForDeploymentPostprocessing = 0;
		};
/* End PBXSourcesBuildPhase section */

/* Begin PBXVariantGroup section */
		E49370381EE3018B00A2D1DF /* Main.storyboard */ = {
			isa = PBXVariantGroup;
			children = (
				E49370391EE3018B00A2D1DF /* Base */,
			);
			name = Main.storyboard;
			sourceTree = "<group>";
		};
		E493703D1EE3018B00A2D1DF /* LaunchScreen.storyboard */ = {
			isa = PBXVariantGroup;
			children = (
				E493703E1EE3018B00A2D1DF /* Base */,
			);
			name = LaunchScreen.storyboard;
			sourceTree = "<group>";
		};
/* End PBXVariantGroup section */

/* Begin XCBuildConfiguration section */
		E49370411EE3018B00A2D1DF /* Debug */ = {
			isa = XCBuildConfiguration;
			buildSettings = {
				ALWAYS_SEARCH_USER_PATHS = NO;
				CLANG_ANALYZER_NONNULL = YES;
				CLANG_CXX_LANGUAGE_STANDARD = "gnu++0x";
				CLANG_CXX_LIBRARY = "libc++";
				CLANG_ENABLE_MODULES = YES;
				CLANG_ENABLE_OBJC_ARC = YES;
				CLANG_WARN_BOOL_CONVERSION = YES;
				CLANG_WARN_CONSTANT_CONVERSION = YES;
				CLANG_WARN_DIRECT_OBJC_ISA_USAGE = YES_ERROR;
				CLANG_WARN_DOCUMENTATION_COMMENTS = YES;
				CLANG_WARN_EMPTY_BODY = YES;
				CLANG_WARN_ENUM_CONVERSION = YES;
				CLANG_WARN_INFINITE_RECURSION = YES;
				CLANG_WARN_INT_CONVERSION = YES;
				CLANG_WARN_OBJC_ROOT_CLASS = YES_ERROR;
				CLANG_WARN_SUSPICIOUS_MOVE = YES;
				CLANG_WARN_UNREACHABLE_CODE = YES;
				CLANG_WARN__DUPLICATE_METHOD_MATCH = YES;
				"CODE_SIGN_IDENTITY[sdk=iphoneos*]" = "iPhone Developer";
				COPY_PHASE_STRIP = NO;
				DEBUG_INFORMATION_FORMAT = dwarf;
				ENABLE_STRICT_OBJC_MSGSEND = YES;
				ENABLE_TESTABILITY = YES;
				GCC_C_LANGUAGE_STANDARD = gnu99;
				GCC_DYNAMIC_NO_PIC = NO;
				GCC_NO_COMMON_BLOCKS = YES;
				GCC_OPTIMIZATION_LEVEL = 0;
				GCC_PREPROCESSOR_DEFINITIONS = (
					"DEBUG=1",
					"$(inherited)",
				);
				GCC_WARN_64_TO_32_BIT_CONVERSION = YES;
				GCC_WARN_ABOUT_RETURN_TYPE = YES_ERROR;
				GCC_WARN_UNDECLARED_SELECTOR = YES;
				GCC_WARN_UNINITIALIZED_AUTOS = YES_AGGRESSIVE;
				GCC_WARN_UNUSED_FUNCTION = YES;
				GCC_WARN_UNUSED_VARIABLE = YES;
				IPHONEOS_DEPLOYMENT_TARGET = 10.2;
				MTL_ENABLE_DEBUG_INFO = YES;
				ONLY_ACTIVE_ARCH = YES;
				SDKROOT = iphoneos;
				SWIFT_ACTIVE_COMPILATION_CONDITIONS = DEBUG;
				SWIFT_OPTIMIZATION_LEVEL = "-Onone";
			};
			name = Debug;
		};
		E49370421EE3018B00A2D1DF /* Release */ = {
			isa = XCBuildConfiguration;
			buildSettings = {
				ALWAYS_SEARCH_USER_PATHS = NO;
				CLANG_ANALYZER_NONNULL = YES;
				CLANG_CXX_LANGUAGE_STANDARD = "gnu++0x";
				CLANG_CXX_LIBRARY = "libc++";
				CLANG_ENABLE_MODULES = YES;
				CLANG_ENABLE_OBJC_ARC = YES;
				CLANG_WARN_BOOL_CONVERSION = YES;
				CLANG_WARN_CONSTANT_CONVERSION = YES;
				CLANG_WARN_DIRECT_OBJC_ISA_USAGE = YES_ERROR;
				CLANG_WARN_DOCUMENTATION_COMMENTS = YES;
				CLANG_WARN_EMPTY_BODY = YES;
				CLANG_WARN_ENUM_CONVERSION = YES;
				CLANG_WARN_INFINITE_RECURSION = YES;
				CLANG_WARN_INT_CONVERSION = YES;
				CLANG_WARN_OBJC_ROOT_CLASS = YES_ERROR;
				CLANG_WARN_SUSPICIOUS_MOVE = YES;
				CLANG_WARN_UNREACHABLE_CODE = YES;
				CLANG_WARN__DUPLICATE_METHOD_MATCH = YES;
				"CODE_SIGN_IDENTITY[sdk=iphoneos*]" = "iPhone Developer";
				COPY_PHASE_STRIP = NO;
				DEBUG_INFORMATION_FORMAT = "dwarf-with-dsym";
				ENABLE_NS_ASSERTIONS = NO;
				ENABLE_STRICT_OBJC_MSGSEND = YES;
				GCC_C_LANGUAGE_STANDARD = gnu99;
				GCC_NO_COMMON_BLOCKS = YES;
				GCC_WARN_64_TO_32_BIT_CONVERSION = YES;
				GCC_WARN_ABOUT_RETURN_TYPE = YES_ERROR;
				GCC_WARN_UNDECLARED_SELECTOR = YES;
				GCC_WARN_UNINITIALIZED_AUTOS = YES_AGGRESSIVE;
				GCC_WARN_UNUSED_FUNCTION = YES;
				GCC_WARN_UNUSED_VARIABLE = YES;
				IPHONEOS_DEPLOYMENT_TARGET = 10.2;
				MTL_ENABLE_DEBUG_INFO = NO;
				SDKROOT = iphoneos;
				SWIFT_OPTIMIZATION_LEVEL = "-Owholemodule";
				VALIDATE_PRODUCT = YES;
			};
			name = Release;
		};
		E49370441EE3018B00A2D1DF /* Debug */ = {
			isa = XCBuildConfiguration;
			buildSettings = {
				ASSETCATALOG_COMPILER_APPICON_NAME = AppIcon;
				INFOPLIST_FILE = LightsOn/Info.plist;
				LD_RUNPATH_SEARCH_PATHS = "$(inherited) @executable_path/Frameworks";
				PRODUCT_BUNDLE_IDENTIFIER = com.vit.LightsOn;
				PRODUCT_NAME = "$(TARGET_NAME)";
				SWIFT_VERSION = 3.0;
			};
			name = Debug;
		};
		E49370451EE3018B00A2D1DF /* Release */ = {
			isa = XCBuildConfiguration;
			buildSettings = {
				ASSETCATALOG_COMPILER_APPICON_NAME = AppIcon;
				INFOPLIST_FILE = LightsOn/Info.plist;
				LD_RUNPATH_SEARCH_PATHS = "$(inherited) @executable_path/Frameworks";
				PRODUCT_BUNDLE_IDENTIFIER = com.vit.LightsOn;
				PRODUCT_NAME = "$(TARGET_NAME)";
				SWIFT_VERSION = 3.0;
			};
			name = Release;
		};
/* End XCBuildConfiguration section */

/* Begin XCConfigurationList section */
		E493702C1EE3018B00A2D1DF /* Build configuration list for PBXProject "LightsOn" */ = {
			isa = XCConfigurationList;
			buildConfigurations = (
				E49370411EE3018B00A2D1DF /* Debug */,
				E49370421EE3018B00A2D1DF /* Release */,
			);
			defaultConfigurationIsVisible = 0;
			defaultConfigurationName = Release;
		};
		E49370431EE3018B00A2D1DF /* Build configuration list for PBXNativeTarget "LightsOn" */ = {
			isa = XCConfigurationList;
			buildConfigurations = (
				E49370441EE3018B00A2D1DF /* Debug */,
				E49370451EE3018B00A2D1DF /* Release */,
			);
			defaultConfigurationIsVisible = 0;
		};
/* End XCConfigurationList section */
	};
	rootObject = E49370291EE3018B00A2D1DF /* Project object */;
}
